// !$*UTF8*$!
{
	archiveVersion = 1;
	classes = {
	};
	objectVersion = 56;
	objects = {

/* Begin PBXBuildFile section */
		F83601C02C05036F009AF137 /* AppDelegate.swift in Sources */ = {isa = PBXBuildFile; fileRef = F83601BF2C05036F009AF137 /* AppDelegate.swift */; };
		F83601C22C05036F009AF137 /* SceneDelegate.swift in Sources */ = {isa = PBXBuildFile; fileRef = F83601C12C05036F009AF137 /* SceneDelegate.swift */; };
		F83601C42C05036F009AF137 /* ViewController.swift in Sources */ = {isa = PBXBuildFile; fileRef = F83601C32C05036F009AF137 /* ViewController.swift */; };
		F83601C72C05036F009AF137 /* Base in Resources */ = {isa = PBXBuildFile; fileRef = F83601C62C05036F009AF137 /* Base */; };
		F83601C92C05036F009AF137 /* Assets.xcassets in Resources */ = {isa = PBXBuildFile; fileRef = F83601C82C05036F009AF137 /* Assets.xcassets */; };
		F83601CC2C05036F009AF137 /* Base in Resources */ = {isa = PBXBuildFile; fileRef = F83601CB2C05036F009AF137 /* Base */; };
		F83601D62C053317009AF137 /* TableViewCell.swift in Sources */ = {isa = PBXBuildFile; fileRef = F83601D42C053317009AF137 /* TableViewCell.swift */; };
		F83601D72C053317009AF137 /* TableViewCell.xib in Resources */ = {isa = PBXBuildFile; fileRef = F83601D52C053317009AF137 /* TableViewCell.xib */; };
/* End PBXBuildFile section */

/* Begin PBXFileReference section */
		F83601BC2C05036F009AF137 /* ExpandTableView.app */ = {isa = PBXFileReference; explicitFileType = wrapper.application; includeInIndex = 0; path = ExpandTableView.app; sourceTree = BUILT_PRODUCTS_DIR; };
		F83601BF2C05036F009AF137 /* AppDelegate.swift */ = {isa = PBXFileReference; lastKnownFileType = sourcecode.swift; path = AppDelegate.swift; sourceTree = "<group>"; };
		F83601C12C05036F009AF137 /* SceneDelegate.swift */ = {isa = PBXFileReference; lastKnownFileType = sourcecode.swift; path = SceneDelegate.swift; sourceTree = "<group>"; };
		F83601C32C05036F009AF137 /* ViewController.swift */ = {isa = PBXFileReference; lastKnownFileType = sourcecode.swift; path = ViewController.swift; sourceTree = "<group>"; };
		F83601C62C05036F009AF137 /* Base */ = {isa = PBXFileReference; lastKnownFileType = file.storyboard; name = Base; path = Base.lproj/Main.storyboard; sourceTree = "<group>"; };
		F83601C82C05036F009AF137 /* Assets.xcassets */ = {isa = PBXFileReference; lastKnownFileType = folder.assetcatalog; path = Assets.xcassets; sourceTree = "<group>"; };
		F83601CB2C05036F009AF137 /* Base */ = {isa = PBXFileReference; lastKnownFileType = file.storyboard; name = Base; path = Base.lproj/LaunchScreen.storyboard; sourceTree = "<group>"; };
		F83601CD2C05036F009AF137 /* Info.plist */ = {isa = PBXFileReference; lastKnownFileType = text.plist.xml; path = Info.plist; sourceTree = "<group>"; };
		F83601D42C053317009AF137 /* TableViewCell.swift */ = {isa = PBXFileReference; lastKnownFileType = sourcecode.swift; path = TableViewCell.swift; sourceTree = "<group>"; };
		F83601D52C053317009AF137 /* TableViewCell.xib */ = {isa = PBXFileReference; lastKnownFileType = file.xib; path = TableViewCell.xib; sourceTree = "<group>"; };
/* End PBXFileReference section */

/* Begin PBXFrameworksBuildPhase section */
		F83601B92C05036F009AF137 /* Frameworks */ = {
			isa = PBXFrameworksBuildPhase;
			buildActionMask = 2147483647;
			files = (
			);
			runOnlyForDeploymentPostprocessing = 0;
		};
/* End PBXFrameworksBuildPhase section */

/* Begin PBXGroup section */
		F83601B32C05036F009AF137 = {
			isa = PBXGroup;
			children = (
				F83601BE2C05036F009AF137 /* ExpandTableView */,
				F83601BD2C05036F009AF137 /* Products */,
			);
			sourceTree = "<group>";
		};
		F83601BD2C05036F009AF137 /* Products */ = {
			isa = PBXGroup;
			children = (
				F83601BC2C05036F009AF137 /* ExpandTableView.app */,
			);
			name = Products;
			sourceTree = "<group>";
		};
		F83601BE2C05036F009AF137 /* ExpandTableView */ = {
			isa = PBXGroup;
			children = (
				F83601D32C050377009AF137 /* Application */,
				F83601C32C05036F009AF137 /* ViewController.swift */,
				F83601C52C05036F009AF137 /* Main.storyboard */,
				F83601C82C05036F009AF137 /* Assets.xcassets */,
				F83601CD2C05036F009AF137 /* Info.plist */,
				F83601D42C053317009AF137 /* TableViewCell.swift */,
				F83601D52C053317009AF137 /* TableViewCell.xib */,
			);
			path = ExpandTableView;
			sourceTree = "<group>";
		};
		F83601D32C050377009AF137 /* Application */ = {
			isa = PBXGroup;
			children = (
				F83601BF2C05036F009AF137 /* AppDelegate.swift */,
				F83601C12C05036F009AF137 /* SceneDelegate.swift */,
				F83601CA2C05036F009AF137 /* LaunchScreen.storyboard */,
			);
			path = Application;
			sourceTree = "<group>";
		};
/* End PBXGroup section */

/* Begin PBXNativeTarget section */
		F83601BB2C05036F009AF137 /* ExpandTableView */ = {
			isa = PBXNativeTarget;
			buildConfigurationList = F83601D02C05036F009AF137 /* Build configuration list for PBXNativeTarget "ExpandTableView" */;
			buildPhases = (
				F83601B82C05036F009AF137 /* Sources */,
				F83601B92C05036F009AF137 /* Frameworks */,
				F83601BA2C05036F009AF137 /* Resources */,
			);
			buildRules = (
			);
			dependencies = (
			);
			name = ExpandTableView;
			productName = ExpandTableView;
			productReference = F83601BC2C05036F009AF137 /* ExpandTableView.app */;
			productType = "com.apple.product-type.application";
		};
/* End PBXNativeTarget section */

/* Begin PBXProject section */
		F83601B42C05036F009AF137 /* Project object */ = {
			isa = PBXProject;
			attributes = {
				BuildIndependentTargetsInParallel = 1;
				LastSwiftUpdateCheck = 1530;
				LastUpgradeCheck = 1530;
				TargetAttributes = {
					F83601BB2C05036F009AF137 = {
						CreatedOnToolsVersion = 15.3;
					};
				};
			};
			buildConfigurationList = F83601B72C05036F009AF137 /* Build configuration list for PBXProject "ExpandTableView" */;
			compatibilityVersion = "Xcode 14.0";
			developmentRegion = en;
			hasScannedForEncodings = 0;
			knownRegions = (
				en,
				Base,
			);
			mainGroup = F83601B32C05036F009AF137;
			productRefGroup = F83601BD2C05036F009AF137 /* Products */;
			projectDirPath = "";
			projectRoot = "";
			targets = (
				F83601BB2C05036F009AF137 /* ExpandTableView */,
			);
		};
/* End PBXProject section */

/* Begin PBXResourcesBuildPhase section */
		F83601BA2C05036F009AF137 /* Resources */ = {
			isa = PBXResourcesBuildPhase;
			buildActionMask = 2147483647;
			files = (
				F83601C92C05036F009AF137 /* Assets.xcassets in Resources */,
				F83601D72C053317009AF137 /* TableViewCell.xib in Resources */,
				F83601CC2C05036F009AF137 /* Base in Resources */,
				F83601C72C05036F009AF137 /* Base in Resources */,
			);
			runOnlyForDeploymentPostprocessing = 0;
		};
/* End PBXResourcesBuildPhase section */

/* Begin PBXSourcesBuildPhase section */
		F83601B82C05036F009AF137 /* Sources */ = {
			isa = PBXSourcesBuildPhase;
			buildActionMask = 2147483647;
			files = (
				F83601C42C05036F009AF137 /* ViewController.swift in Sources */,
				F83601D62C053317009AF137 /* TableViewCell.swift in Sources */,
				F83601C02C05036F009AF137 /* AppDelegate.swift in Sources */,
				F83601C22C05036F009AF137 /* SceneDelegate.swift in Sources */,
			);
			runOnlyForDeploymentPostprocessing = 0;
		};
/* End PBXSourcesBuildPhase section */

/* Begin PBXVariantGroup section */
		F83601C52C05036F009AF137 /* Main.storyboard */ = {
			isa = PBXVariantGroup;
			children = (
				F83601C62C05036F009AF137 /* Base */,
			);
			name = Main.storyboard;
			sourceTree = "<group>";
		};
		F83601CA2C05036F009AF137 /* LaunchScreen.storyboard */ = {
			isa = PBXVariantGroup;
			children = (
				F83601CB2C05036F009AF137 /* Base */,
			);
			name = LaunchScreen.storyboard;
			sourceTree = "<group>";
		};
/* End PBXVariantGroup section */

/* Begin XCBuildConfiguration section */
		F83601CE2C05036F009AF137 /* Debug */ = {
			isa = XCBuildConfiguration;
			buildSettings = {
				ALWAYS_SEARCH_USER_PATHS = NO;
				ASSETCATALOG_COMPILER_GENERATE_SWIFT_ASSET_SYMBOL_EXTENSIONS = YES;
				CLANG_ANALYZER_NONNULL = YES;
				CLANG_ANALYZER_NUMBER_OBJECT_CONVERSION = YES_AGGRESSIVE;
				CLANG_CXX_LANGUAGE_STANDARD = "gnu++20";
				CLANG_ENABLE_MODULES = YES;
				CLANG_ENABLE_OBJC_ARC = YES;
				CLANG_ENABLE_OBJC_WEAK = YES;
				CLANG_WARN_BLOCK_CAPTURE_AUTORELEASING = YES;
				CLANG_WARN_BOOL_CONVERSION = YES;
				CLANG_WARN_COMMA = YES;
				CLANG_WARN_CONSTANT_CONVERSION = YES;
				CLANG_WARN_DEPRECATED_OBJC_IMPLEMENTATIONS = YES;
				CLANG_WARN_DIRECT_OBJC_ISA_USAGE = YES_ERROR;
				CLANG_WARN_DOCUMENTATION_COMMENTS = YES;
				CLANG_WARN_EMPTY_BODY = YES;
				CLANG_WARN_ENUM_CONVERSION = YES;
				CLANG_WARN_INFINITE_RECURSION = YES;
				CLANG_WARN_INT_CONVERSION = YES;
				CLANG_WARN_NON_LITERAL_NULL_CONVERSION = YES;
				CLANG_WARN_OBJC_IMPLICIT_RETAIN_SELF = YES;
				CLANG_WARN_OBJC_LITERAL_CONVERSION = YES;
				CLANG_WARN_OBJC_ROOT_CLASS = YES_ERROR;
				CLANG_WARN_QUOTED_INCLUDE_IN_FRAMEWORK_HEADER = YES;
				CLANG_WARN_RANGE_LOOP_ANALYSIS = YES;
				CLANG_WARN_STRICT_PROTOTYPES = YES;
				CLANG_WARN_SUSPICIOUS_MOVE = YES;
				CLANG_WARN_UNGUARDED_AVAILABILITY = YES_AGGRESSIVE;
				CLANG_WARN_UNREACHABLE_CODE = YES;
				CLANG_WARN__DUPLICATE_METHOD_MATCH = YES;
				COPY_PHASE_STRIP = NO;
				DEBUG_INFORMATION_FORMAT = dwarf;
				ENABLE_STRICT_OBJC_MSGSEND = YES;
				ENABLE_TESTABILITY = YES;
				ENABLE_USER_SCRIPT_SANDBOXING = YES;
				GCC_C_LANGUAGE_STANDARD = gnu17;
				GCC_DYNAMIC_NO_PIC = NO;
				GCC_NO_COMMON_BLOCKS = YES;
				GCC_OPTIMIZATION_LEVEL = 0;
				GCC_PREPROCESSOR_DEFINITIONS = (
					"DEBUG=1",
					"$(inherited)",
				);
				GCC_WARN_64_TO_32_BIT_CONVERSION = YES;
				GCC_WARN_ABOUT_RETURN_TYPE = YES_ERROR;
				GCC_WARN_UNDECLARED_SELECTOR = YES;
				GCC_WARN_UNINITIALIZED_AUTOS = YES_AGGRESSIVE;
				GCC_WARN_UNUSED_FUNCTION = YES;
				GCC_WARN_UNUSED_VARIABLE = YES;
				IPHONEOS_DEPLOYMENT_TARGET = 17.4;
				LOCALIZATION_PREFERS_STRING_CATALOGS = YES;
				MTL_ENABLE_DEBUG_INFO = INCLUDE_SOURCE;
				MTL_FAST_MATH = YES;
				ONLY_ACTIVE_ARCH = YES;
				SDKROOT = iphoneos;
				SWIFT_ACTIVE_COMPILATION_CONDITIONS = "DEBUG $(inherited)";
				SWIFT_OPTIMIZATION_LEVEL = "-Onone";
			};
			name = Debug;
		};
		F83601CF2C05036F009AF137 /* Release */ = {
			isa = XCBuildConfiguration;
			buildSettings = {
				ALWAYS_SEARCH_USER_PATHS = NO;
				ASSETCATALOG_COMPILER_GENERATE_SWIFT_ASSET_SYMBOL_EXTENSIONS = YES;
				CLANG_ANALYZER_NONNULL = YES;
				CLANG_ANALYZER_NUMBER_OBJECT_CONVERSION = YES_AGGRESSIVE;
				CLANG_CXX_LANGUAGE_STANDARD = "gnu++20";
				CLANG_ENABLE_MODULES = YES;
				CLANG_ENABLE_OBJC_ARC = YES;
				CLANG_ENABLE_OBJC_WEAK = YES;
				CLANG_WARN_BLOCK_CAPTURE_AUTORELEASING = YES;
				CLANG_WARN_BOOL_CONVERSION = YES;
				CLANG_WARN_COMMA = YES;
				CLANG_WARN_CONSTANT_CONVERSION = YES;
				CLANG_WARN_DEPRECATED_OBJC_IMPLEMENTATIONS = YES;
				CLANG_WARN_DIRECT_OBJC_ISA_USAGE = YES_ERROR;
				CLANG_WARN_DOCUMENTATION_COMMENTS = YES;
				CLANG_WARN_EMPTY_BODY = YES;
				CLANG_WARN_ENUM_CONVERSION = YES;
				CLANG_WARN_INFINITE_RECURSION = YES;
				CLANG_WARN_INT_CONVERSION = YES;
				CLANG_WARN_NON_LITERAL_NULL_CONVERSION = YES;
				CLANG_WARN_OBJC_IMPLICIT_RETAIN_SELF = YES;
				CLANG_WARN_OBJC_LITERAL_CONVERSION = YES;
				CLANG_WARN_OBJC_ROOT_CLASS = YES_ERROR;
				CLANG_WARN_QUOTED_INCLUDE_IN_FRAMEWORK_HEADER = YES;
				CLANG_WARN_RANGE_LOOP_ANALYSIS = YES;
				CLANG_WARN_STRICT_PROTOTYPES = YES;
				CLANG_WARN_SUSPICIOUS_MOVE = YES;
				CLANG_WARN_UNGUARDED_AVAILABILITY = YES_AGGRESSIVE;
				CLANG_WARN_UNREACHABLE_CODE = YES;
				CLANG_WARN__DUPLICATE_METHOD_MATCH = YES;
				COPY_PHASE_STRIP = NO;
				DEBUG_INFORMATION_FORMAT = "dwarf-with-dsym";
				ENABLE_NS_ASSERTIONS = NO;
				ENABLE_STRICT_OBJC_MSGSEND = YES;
				ENABLE_USER_SCRIPT_SANDBOXING = YES;
				GCC_C_LANGUAGE_STANDARD = gnu17;
				GCC_NO_COMMON_BLOCKS = YES;
				GCC_WARN_64_TO_32_BIT_CONVERSION = YES;
				GCC_WARN_ABOUT_RETURN_TYPE = YES_ERROR;
				GCC_WARN_UNDECLARED_SELECTOR = YES;
				GCC_WARN_UNINITIALIZED_AUTOS = YES_AGGRESSIVE;
				GCC_WARN_UNUSED_FUNCTION = YES;
				GCC_WARN_UNUSED_VARIABLE = YES;
				IPHONEOS_DEPLOYMENT_TARGET = 17.4;
				LOCALIZATION_PREFERS_STRING_CATALOGS = YES;
				MTL_ENABLE_DEBUG_INFO = NO;
				MTL_FAST_MATH = YES;
				SDKROOT = iphoneos;
				SWIFT_COMPILATION_MODE = wholemodule;
				VALIDATE_PRODUCT = YES;
			};
			name = Release;
		};
		F83601D12C05036F009AF137 /* Debug */ = {
			isa = XCBuildConfiguration;
			buildSettings = {
				ASSETCATALOG_COMPILER_APPICON_NAME = AppIcon;
				ASSETCATALOG_COMPILER_GLOBAL_ACCENT_COLOR_NAME = AccentColor;
				CODE_SIGN_STYLE = Automatic;
				CURRENT_PROJECT_VERSION = 1;
				GENERATE_INFOPLIST_FILE = YES;
				INFOPLIST_FILE = ExpandTableView/Info.plist;
				INFOPLIST_KEY_UIApplicationSupportsIndirectInputEvents = YES;
				INFOPLIST_KEY_UILaunchStoryboardName = LaunchScreen;
				INFOPLIST_KEY_UIMainStoryboardFile = Main;
				INFOPLIST_KEY_UISupportedInterfaceOrientations_iPad = "UIInterfaceOrientationPortrait UIInterfaceOrientationPortraitUpsideDown UIInterfaceOrientationLandscapeLeft UIInterfaceOrientationLandscapeRight";
				INFOPLIST_KEY_UISupportedInterfaceOrientations_iPhone = "UIInterfaceOrientationPortrait UIInterfaceOrientationLandscapeLeft UIInterfaceOrientationLandscapeRight";
				LD_RUNPATH_SEARCH_PATHS = (
					"$(inherited)",
					"@executable_path/Frameworks",
				);
				MARKETING_VERSION = 1.0;
				PRODUCT_BUNDLE_IDENTIFIER = MyApp.ExpandTableView;
				PRODUCT_NAME = "$(TARGET_NAME)";
				SWIFT_EMIT_LOC_STRINGS = YES;
				SWIFT_VERSION = 5.0;
				TARGETED_DEVICE_FAMILY = "1,2";
			};
			name = Debug;
		};
		F83601D22C05036F009AF137 /* Release */ = {
			isa = XCBuildConfiguration;
			buildSettings = {
				ASSETCATALOG_COMPILER_APPICON_NAME = AppIcon;
				ASSETCATALOG_COMPILER_GLOBAL_ACCENT_COLOR_NAME = AccentColor;
				CODE_SIGN_STYLE = Automatic;
				CURRENT_PROJECT_VERSION = 1;
				GENERATE_INFOPLIST_FILE = YES;
				INFOPLIST_FILE = ExpandTableView/Info.plist;
				INFOPLIST_KEY_UIApplicationSupportsIndirectInputEvents = YES;
				INFOPLIST_KEY_UILaunchStoryboardName = LaunchScreen;
				INFOPLIST_KEY_UIMainStoryboardFile = Main;
				INFOPLIST_KEY_UISupportedInterfaceOrientations_iPad = "UIInterfaceOrientationPortrait UIInterfaceOrientationPortraitUpsideDown UIInterfaceOrientationLandscapeLeft UIInterfaceOrientationLandscapeRight";
				INFOPLIST_KEY_UISupportedInterfaceOrientations_iPhone = "UIInterfaceOrientationPortrait UIInterfaceOrientationLandscapeLeft UIInterfaceOrientationLandscapeRight";
				LD_RUNPATH_SEARCH_PATHS = (
					"$(inherited)",
					"@executable_path/Frameworks",
				);
				MARKETING_VERSION = 1.0;
				PRODUCT_BUNDLE_IDENTIFIER = MyApp.ExpandTableView;
				PRODUCT_NAME = "$(TARGET_NAME)";
				SWIFT_EMIT_LOC_STRINGS = YES;
				SWIFT_VERSION = 5.0;
				TARGETED_DEVICE_FAMILY = "1,2";
			};
			name = Release;
		};
/* End XCBuildConfiguration section */

/* Begin XCConfigurationList section */
		F83601B72C05036F009AF137 /* Build configuration list for PBXProject "ExpandTableView" */ = {
			isa = XCConfigurationList;
			buildConfigurations = (
				F83601CE2C05036F009AF137 /* Debug */,
				F83601CF2C05036F009AF137 /* Release */,
			);
			defaultConfigurationIsVisible = 0;
			defaultConfigurationName = Release;
		};
		F83601D02C05036F009AF137 /* Build configuration list for PBXNativeTarget "ExpandTableView" */ = {
			isa = XCConfigurationList;
			buildConfigurations = (
				F83601D12C05036F009AF137 /* Debug */,
				F83601D22C05036F009AF137 /* Release */,
			);
			defaultConfigurationIsVisible = 0;
			defaultConfigurationName = Release;
		};
/* End XCConfigurationList section */
	};
	rootObject = F83601B42C05036F009AF137 /* Project object */;
}
